
Microsoft Visual Studio Solution File, Format Version 12.00
# Visual Studio 15
VisualStudioVersion = 15.0.26730.3
MinimumVisualStudioVersion = 10.0.40219.1
Project("{9A19103F-16F7-4668-BE54-9A1E7A4F7556}") = "GRS.ApplicationCore", "GRS.ApplicationCore\GRS.ApplicationCore.csproj", "{382BC291-7F81-4CF0-A1F9-FA6C5A01C536}"
EndProject
Project("{9A19103F-16F7-4668-BE54-9A1E7A4F7556}") = "GRS.Infrastructure", "GRS.Infrastructure\GRS.Infrastructure.csproj", "{B0F62BFC-3BC9-4325-954B-C88F0AAB6E55}"
EndProject
Project("{9A19103F-16F7-4668-BE54-9A1E7A4F7556}") = "GRS.Web", "GRS.Web\GRS.Web.csproj", "{580871BF-C2F4-463A-A313-AF7D9715DFCA}"
EndProject
Project("{FAE04EC0-301F-11D3-BF4B-00C04F79EFBC}") = "GRS.UnitTest", "GRS.UnitTest\GRS.UnitTest.csproj", "{988E7AB3-E72B-42E6-9131-B61F0E71283A}"
EndProject
Global
	GlobalSection(SolutionConfigurationPlatforms) = preSolution
		Debug|Any CPU = Debug|Any CPU
		Release|Any CPU = Release|Any CPU
	EndGlobalSection
	GlobalSection(ProjectConfigurationPlatforms) = postSolution
		{382BC291-7F81-4CF0-A1F9-FA6C5A01C536}.Debug|Any CPU.ActiveCfg = Debug|Any CPU
		{382BC291-7F81-4CF0-A1F9-FA6C5A01C536}.Debug|Any CPU.Build.0 = Debug|Any CPU
		{382BC291-7F81-4CF0-A1F9-FA6C5A01C536}.Release|Any CPU.ActiveCfg = Release|Any CPU
		{382BC291-7F81-4CF0-A1F9-FA6C5A01C536}.Release|Any CPU.Build.0 = Release|Any CPU
		{B0F62BFC-3BC9-4325-954B-C88F0AAB6E55}.Debug|Any CPU.ActiveCfg = Debug|Any CPU
		{B0F62BFC-3BC9-4325-954B-C88F0AAB6E55}.Debug|Any CPU.Build.0 = Debug|Any CPU
		{B0F62BFC-3BC9-4325-954B-C88F0AAB6E55}.Release|Any CPU.ActiveCfg = Release|Any CPU
		{B0F62BFC-3BC9-4325-954B-C88F0AAB6E55}.Release|Any CPU.Build.0 = Release|Any CPU
		{580871BF-C2F4-463A-A313-AF7D9715DFCA}.Debug|Any CPU.ActiveCfg = Debug|Any CPU
		{580871BF-C2F4-463A-A313-AF7D9715DFCA}.Debug|Any CPU.Build.0 = Debug|Any CPU
		{580871BF-C2F4-463A-A313-AF7D9715DFCA}.Release|Any CPU.ActiveCfg = Release|Any CPU
		{580871BF-C2F4-463A-A313-AF7D9715DFCA}.Release|Any CPU.Build.0 = Release|Any CPU
		{988E7AB3-E72B-42E6-9131-B61F0E71283A}.Debug|Any CPU.ActiveCfg = Debug|Any CPU
		{988E7AB3-E72B-42E6-9131-B61F0E71283A}.Debug|Any CPU.Build.0 = Debug|Any CPU
		{988E7AB3-E72B-42E6-9131-B61F0E71283A}.Release|Any CPU.ActiveCfg = Release|Any CPU
		{988E7AB3-E72B-42E6-9131-B61F0E71283A}.Release|Any CPU.Build.0 = Release|Any CPU
	EndGlobalSection
	GlobalSection(SolutionProperties) = preSolution
		HideSolutionNode = FALSE
	EndGlobalSection
	GlobalSection(ExtensibilityGlobals) = postSolution
		SolutionGuid = {726E08D1-CB7C-4B82-8776-C046D26D622A}
	EndGlobalSection
EndGlobal
