
Microsoft Visual Studio Solution File, Format Version 12.00
# Visual Studio 14
VisualStudioVersion = 14.0.25420.1
MinimumVisualStudioVersion = 10.0.40219.1
Project("{FAE04EC0-301F-11D3-BF4B-00C04F79EFBC}") = "GeekHunter", "GeekHunter\GeekHunter.csproj", "{7C95021F-60EB-4900-AA34-9C7F720CCABA}"
EndProject
Project("{FAE04EC0-301F-11D3-BF4B-00C04F79EFBC}") = "UnitTestGeekHunter", "UnitTestGeekHunter\UnitTestGeekHunter.csproj", "{2B1A46CA-E2F1-47F1-A94A-D98752C92E50}"
EndProject
Project("{FAE04EC0-301F-11D3-BF4B-00C04F79EFBC}") = "GeekHunterUI", "GeekHunterUI\GeekHunterUI.csproj", "{A13F0EB3-3172-4A19-A4E3-30FD4D89BC63}"
EndProject
Global
	GlobalSection(SolutionConfigurationPlatforms) = preSolution
		Debug|Any CPU = Debug|Any CPU
		Release|Any CPU = Release|Any CPU
	EndGlobalSection
	GlobalSection(ProjectConfigurationPlatforms) = postSolution
		{7C95021F-60EB-4900-AA34-9C7F720CCABA}.Debug|Any CPU.ActiveCfg = Debug|Any CPU
		{7C95021F-60EB-4900-AA34-9C7F720CCABA}.Debug|Any CPU.Build.0 = Debug|Any CPU
		{7C95021F-60EB-4900-AA34-9C7F720CCABA}.Release|Any CPU.ActiveCfg = Release|Any CPU
		{7C95021F-60EB-4900-AA34-9C7F720CCABA}.Release|Any CPU.Build.0 = Release|Any CPU
		{2B1A46CA-E2F1-47F1-A94A-D98752C92E50}.Debug|Any CPU.ActiveCfg = Debug|Any CPU
		{2B1A46CA-E2F1-47F1-A94A-D98752C92E50}.Debug|Any CPU.Build.0 = Debug|Any CPU
		{2B1A46CA-E2F1-47F1-A94A-D98752C92E50}.Release|Any CPU.ActiveCfg = Release|Any CPU
		{2B1A46CA-E2F1-47F1-A94A-D98752C92E50}.Release|Any CPU.Build.0 = Release|Any CPU
		{A13F0EB3-3172-4A19-A4E3-30FD4D89BC63}.Debug|Any CPU.ActiveCfg = Debug|Any CPU
		{A13F0EB3-3172-4A19-A4E3-30FD4D89BC63}.Debug|Any CPU.Build.0 = Debug|Any CPU
		{A13F0EB3-3172-4A19-A4E3-30FD4D89BC63}.Release|Any CPU.ActiveCfg = Release|Any CPU
		{A13F0EB3-3172-4A19-A4E3-30FD4D89BC63}.Release|Any CPU.Build.0 = Release|Any CPU
	EndGlobalSection
	GlobalSection(SolutionProperties) = preSolution
		HideSolutionNode = FALSE
	EndGlobalSection
EndGlobal
